// !$*UTF8*$!
{
	archiveVersion = 1;
	classes = {
	};
	objectVersion = 46;
	objects = {

/* Begin PBXBuildFile section */
		243EDB0E1ECD75B8001B2257 /* CoreMotion.framework in Frameworks */ = {isa = PBXBuildFile; fileRef = 243EDB0D1ECD75B8001B2257 /* CoreMotion.framework */; };
		24F4D4201ECD3C7B00CB6BB6 /* AppDelegate.swift in Sources */ = {isa = PBXBuildFile; fileRef = 24F4D41F1ECD3C7B00CB6BB6 /* AppDelegate.swift */; };
		24F4D4221ECD3C7B00CB6BB6 /* ViewController.swift in Sources */ = {isa = PBXBuildFile; fileRef = 24F4D4211ECD3C7B00CB6BB6 /* ViewController.swift */; };
		24F4D4251ECD3C7B00CB6BB6 /* Main.storyboard in Resources */ = {isa = PBXBuildFile; fileRef = 24F4D4231ECD3C7B00CB6BB6 /* Main.storyboard */; };
		24F4D4271ECD3C7B00CB6BB6 /* Assets.xcassets in Resources */ = {isa = PBXBuildFile; fileRef = 24F4D4261ECD3C7B00CB6BB6 /* Assets.xcassets */; };
		24F4D42A1ECD3C7B00CB6BB6 /* LaunchScreen.storyboard in Resources */ = {isa = PBXBuildFile; fileRef = 24F4D4281ECD3C7B00CB6BB6 /* LaunchScreen.storyboard */; };
		24F4D4351ECD3C7C00CB6BB6 /* EMSMotionTesterTests.swift in Sources */ = {isa = PBXBuildFile; fileRef = 24F4D4341ECD3C7C00CB6BB6 /* EMSMotionTesterTests.swift */; };
		C2F436A671D28DCC39E803BA /* Pods_EMSMotionTesterTests.framework in Frameworks */ = {isa = PBXBuildFile; fileRef = 7E4535DAA2C0AE8883BAC72D /* Pods_EMSMotionTesterTests.framework */; };
		E745733E3DDF50F7CB1C9B2B /* Pods_EMSMotionTester.framework in Frameworks */ = {isa = PBXBuildFile; fileRef = 2E4DDE6B84D9B83E5AD8251C /* Pods_EMSMotionTester.framework */; };
/* End PBXBuildFile section */

/* Begin PBXContainerItemProxy section */
		24F4D4311ECD3C7C00CB6BB6 /* PBXContainerItemProxy */ = {
			isa = PBXContainerItemProxy;
			containerPortal = 24F4D4141ECD3C7B00CB6BB6 /* Project object */;
			proxyType = 1;
			remoteGlobalIDString = 24F4D41B1ECD3C7B00CB6BB6;
			remoteInfo = EMSMotionTester;
		};
/* End PBXContainerItemProxy section */

/* Begin PBXFileReference section */
		03128CEBF7C6C3080858E663 /* Pods-EMSMotionTesterTests.debug.xcconfig */ = {isa = PBXFileReference; includeInIndex = 1; lastKnownFileType = text.xcconfig; name = "Pods-EMSMotionTesterTests.debug.xcconfig"; path = "Pods/Target Support Files/Pods-EMSMotionTesterTests/Pods-EMSMotionTesterTests.debug.xcconfig"; sourceTree = "<group>"; };
		138230303DC6F5EB553450E1 /* Pods-EMSMotionTester.release.xcconfig */ = {isa = PBXFileReference; includeInIndex = 1; lastKnownFileType = text.xcconfig; name = "Pods-EMSMotionTester.release.xcconfig"; path = "Pods/Target Support Files/Pods-EMSMotionTester/Pods-EMSMotionTester.release.xcconfig"; sourceTree = "<group>"; };
		243EDB0D1ECD75B8001B2257 /* CoreMotion.framework */ = {isa = PBXFileReference; lastKnownFileType = wrapper.framework; name = CoreMotion.framework; path = System/Library/Frameworks/CoreMotion.framework; sourceTree = SDKROOT; };
		24F4D41C1ECD3C7B00CB6BB6 /* EMSMotionTester.app */ = {isa = PBXFileReference; explicitFileType = wrapper.application; includeInIndex = 0; path = EMSMotionTester.app; sourceTree = BUILT_PRODUCTS_DIR; };
		24F4D41F1ECD3C7B00CB6BB6 /* AppDelegate.swift */ = {isa = PBXFileReference; lastKnownFileType = sourcecode.swift; path = AppDelegate.swift; sourceTree = "<group>"; };
		24F4D4211ECD3C7B00CB6BB6 /* ViewController.swift */ = {isa = PBXFileReference; lastKnownFileType = sourcecode.swift; path = ViewController.swift; sourceTree = "<group>"; };
		24F4D4241ECD3C7B00CB6BB6 /* Base */ = {isa = PBXFileReference; lastKnownFileType = file.storyboard; name = Base; path = Base.lproj/Main.storyboard; sourceTree = "<group>"; };
		24F4D4261ECD3C7B00CB6BB6 /* Assets.xcassets */ = {isa = PBXFileReference; lastKnownFileType = folder.assetcatalog; path = Assets.xcassets; sourceTree = "<group>"; };
		24F4D4291ECD3C7B00CB6BB6 /* Base */ = {isa = PBXFileReference; lastKnownFileType = file.storyboard; name = Base; path = Base.lproj/LaunchScreen.storyboard; sourceTree = "<group>"; };
		24F4D42B1ECD3C7B00CB6BB6 /* Info.plist */ = {isa = PBXFileReference; lastKnownFileType = text.plist.xml; path = Info.plist; sourceTree = "<group>"; };
		24F4D4301ECD3C7C00CB6BB6 /* EMSMotionTesterTests.xctest */ = {isa = PBXFileReference; explicitFileType = wrapper.cfbundle; includeInIndex = 0; path = EMSMotionTesterTests.xctest; sourceTree = BUILT_PRODUCTS_DIR; };
		24F4D4341ECD3C7C00CB6BB6 /* EMSMotionTesterTests.swift */ = {isa = PBXFileReference; lastKnownFileType = sourcecode.swift; path = EMSMotionTesterTests.swift; sourceTree = "<group>"; };
		24F4D4361ECD3C7C00CB6BB6 /* Info.plist */ = {isa = PBXFileReference; lastKnownFileType = text.plist.xml; path = Info.plist; sourceTree = "<group>"; };
		2E4DDE6B84D9B83E5AD8251C /* Pods_EMSMotionTester.framework */ = {isa = PBXFileReference; explicitFileType = wrapper.framework; includeInIndex = 0; path = Pods_EMSMotionTester.framework; sourceTree = BUILT_PRODUCTS_DIR; };
		7E4535DAA2C0AE8883BAC72D /* Pods_EMSMotionTesterTests.framework */ = {isa = PBXFileReference; explicitFileType = wrapper.framework; includeInIndex = 0; path = Pods_EMSMotionTesterTests.framework; sourceTree = BUILT_PRODUCTS_DIR; };
		89E974C55E54C16DA5A21441 /* Pods-EMSMotionTester.debug.xcconfig */ = {isa = PBXFileReference; includeInIndex = 1; lastKnownFileType = text.xcconfig; name = "Pods-EMSMotionTester.debug.xcconfig"; path = "Pods/Target Support Files/Pods-EMSMotionTester/Pods-EMSMotionTester.debug.xcconfig"; sourceTree = "<group>"; };
		E162FE0DDB4B19ED4EB9D285 /* Pods-EMSMotionTesterTests.release.xcconfig */ = {isa = PBXFileReference; includeInIndex = 1; lastKnownFileType = text.xcconfig; name = "Pods-EMSMotionTesterTests.release.xcconfig"; path = "Pods/Target Support Files/Pods-EMSMotionTesterTests/Pods-EMSMotionTesterTests.release.xcconfig"; sourceTree = "<group>"; };
/* End PBXFileReference section */

/* Begin PBXFrameworksBuildPhase section */
		24F4D4191ECD3C7B00CB6BB6 /* Frameworks */ = {
			isa = PBXFrameworksBuildPhase;
			buildActionMask = 2147483647;
			files = (
				243EDB0E1ECD75B8001B2257 /* CoreMotion.framework in Frameworks */,
				E745733E3DDF50F7CB1C9B2B /* Pods_EMSMotionTester.framework in Frameworks */,
			);
			runOnlyForDeploymentPostprocessing = 0;
		};
		24F4D42D1ECD3C7C00CB6BB6 /* Frameworks */ = {
			isa = PBXFrameworksBuildPhase;
			buildActionMask = 2147483647;
			files = (
				C2F436A671D28DCC39E803BA /* Pods_EMSMotionTesterTests.framework in Frameworks */,
			);
			runOnlyForDeploymentPostprocessing = 0;
		};
/* End PBXFrameworksBuildPhase section */

/* Begin PBXGroup section */
		24F4D4131ECD3C7B00CB6BB6 = {
			isa = PBXGroup;
			children = (
				24F4D41E1ECD3C7B00CB6BB6 /* EMSMotionTester */,
				24F4D4331ECD3C7C00CB6BB6 /* EMSMotionTesterTests */,
				24F4D41D1ECD3C7B00CB6BB6 /* Products */,
				41D294769DF52F7AD14A16C6 /* Pods */,
				6B508B95AE2EB07D916F21DD /* Frameworks */,
			);
			sourceTree = "<group>";
		};
		24F4D41D1ECD3C7B00CB6BB6 /* Products */ = {
			isa = PBXGroup;
			children = (
				24F4D41C1ECD3C7B00CB6BB6 /* EMSMotionTester.app */,
				24F4D4301ECD3C7C00CB6BB6 /* EMSMotionTesterTests.xctest */,
			);
			name = Products;
			sourceTree = "<group>";
		};
		24F4D41E1ECD3C7B00CB6BB6 /* EMSMotionTester */ = {
			isa = PBXGroup;
			children = (
				24F4D41F1ECD3C7B00CB6BB6 /* AppDelegate.swift */,
				24F4D4211ECD3C7B00CB6BB6 /* ViewController.swift */,
				24F4D4231ECD3C7B00CB6BB6 /* Main.storyboard */,
				24F4D4261ECD3C7B00CB6BB6 /* Assets.xcassets */,
				24F4D4281ECD3C7B00CB6BB6 /* LaunchScreen.storyboard */,
				24F4D42B1ECD3C7B00CB6BB6 /* Info.plist */,
			);
			path = EMSMotionTester;
			sourceTree = "<group>";
		};
		24F4D4331ECD3C7C00CB6BB6 /* EMSMotionTesterTests */ = {
			isa = PBXGroup;
			children = (
				24F4D4341ECD3C7C00CB6BB6 /* EMSMotionTesterTests.swift */,
				24F4D4361ECD3C7C00CB6BB6 /* Info.plist */,
			);
			path = EMSMotionTesterTests;
			sourceTree = "<group>";
		};
		41D294769DF52F7AD14A16C6 /* Pods */ = {
			isa = PBXGroup;
			children = (
				89E974C55E54C16DA5A21441 /* Pods-EMSMotionTester.debug.xcconfig */,
				138230303DC6F5EB553450E1 /* Pods-EMSMotionTester.release.xcconfig */,
				03128CEBF7C6C3080858E663 /* Pods-EMSMotionTesterTests.debug.xcconfig */,
				E162FE0DDB4B19ED4EB9D285 /* Pods-EMSMotionTesterTests.release.xcconfig */,
			);
			name = Pods;
			sourceTree = "<group>";
		};
		6B508B95AE2EB07D916F21DD /* Frameworks */ = {
			isa = PBXGroup;
			children = (
				243EDB0D1ECD75B8001B2257 /* CoreMotion.framework */,
				2E4DDE6B84D9B83E5AD8251C /* Pods_EMSMotionTester.framework */,
				7E4535DAA2C0AE8883BAC72D /* Pods_EMSMotionTesterTests.framework */,
			);
			name = Frameworks;
			sourceTree = "<group>";
		};
/* End PBXGroup section */

/* Begin PBXNativeTarget section */
		24F4D41B1ECD3C7B00CB6BB6 /* EMSMotionTester */ = {
			isa = PBXNativeTarget;
			buildConfigurationList = 24F4D4391ECD3C7C00CB6BB6 /* Build configuration list for PBXNativeTarget "EMSMotionTester" */;
			buildPhases = (
				4A8F9505423C9E0B6AD609F2 /* [CP] Check Pods Manifest.lock */,
				24F4D4181ECD3C7B00CB6BB6 /* Sources */,
				24F4D4191ECD3C7B00CB6BB6 /* Frameworks */,
				24F4D41A1ECD3C7B00CB6BB6 /* Resources */,
				268DDBDCC99BB0AA92BBCAB5 /* [CP] Embed Pods Frameworks */,
				E2064B564EF8D0A603BC5707 /* [CP] Copy Pods Resources */,
			);
			buildRules = (
			);
			dependencies = (
			);
			name = EMSMotionTester;
			productName = EMSMotionTester;
			productReference = 24F4D41C1ECD3C7B00CB6BB6 /* EMSMotionTester.app */;
			productType = "com.apple.product-type.application";
		};
		24F4D42F1ECD3C7C00CB6BB6 /* EMSMotionTesterTests */ = {
			isa = PBXNativeTarget;
			buildConfigurationList = 24F4D43C1ECD3C7C00CB6BB6 /* Build configuration list for PBXNativeTarget "EMSMotionTesterTests" */;
			buildPhases = (
				234993821A732E869CED2C0D /* [CP] Check Pods Manifest.lock */,
				24F4D42C1ECD3C7C00CB6BB6 /* Sources */,
				24F4D42D1ECD3C7C00CB6BB6 /* Frameworks */,
				24F4D42E1ECD3C7C00CB6BB6 /* Resources */,
				A81419A96AC326ED6DA64E62 /* [CP] Embed Pods Frameworks */,
				190A02D23EB7C05F64B67695 /* [CP] Copy Pods Resources */,
			);
			buildRules = (
			);
			dependencies = (
				24F4D4321ECD3C7C00CB6BB6 /* PBXTargetDependency */,
			);
			name = EMSMotionTesterTests;
			productName = EMSMotionTesterTests;
			productReference = 24F4D4301ECD3C7C00CB6BB6 /* EMSMotionTesterTests.xctest */;
			productType = "com.apple.product-type.bundle.unit-test";
		};
/* End PBXNativeTarget section */

/* Begin PBXProject section */
		24F4D4141ECD3C7B00CB6BB6 /* Project object */ = {
			isa = PBXProject;
			attributes = {
				LastSwiftUpdateCheck = 0830;
				LastUpgradeCheck = 0830;
				ORGANIZATIONNAME = "Ticketfly Inc";
				TargetAttributes = {
					24F4D41B1ECD3C7B00CB6BB6 = {
						CreatedOnToolsVersion = 8.3.2;
						DevelopmentTeam = VB33HMQ75F;
						ProvisioningStyle = Automatic;
					};
					24F4D42F1ECD3C7C00CB6BB6 = {
						CreatedOnToolsVersion = 8.3.2;
						DevelopmentTeam = VB33HMQ75F;
						ProvisioningStyle = Automatic;
						TestTargetID = 24F4D41B1ECD3C7B00CB6BB6;
					};
				};
			};
			buildConfigurationList = 24F4D4171ECD3C7B00CB6BB6 /* Build configuration list for PBXProject "EMSMotionTester" */;
			compatibilityVersion = "Xcode 3.2";
			developmentRegion = English;
			hasScannedForEncodings = 0;
			knownRegions = (
				en,
				Base,
			);
			mainGroup = 24F4D4131ECD3C7B00CB6BB6;
			productRefGroup = 24F4D41D1ECD3C7B00CB6BB6 /* Products */;
			projectDirPath = "";
			projectRoot = "";
			targets = (
				24F4D41B1ECD3C7B00CB6BB6 /* EMSMotionTester */,
				24F4D42F1ECD3C7C00CB6BB6 /* EMSMotionTesterTests */,
			);
		};
/* End PBXProject section */

/* Begin PBXResourcesBuildPhase section */
		24F4D41A1ECD3C7B00CB6BB6 /* Resources */ = {
			isa = PBXResourcesBuildPhase;
			buildActionMask = 2147483647;
			files = (
				24F4D42A1ECD3C7B00CB6BB6 /* LaunchScreen.storyboard in Resources */,
				24F4D4271ECD3C7B00CB6BB6 /* Assets.xcassets in Resources */,
				24F4D4251ECD3C7B00CB6BB6 /* Main.storyboard in Resources */,
			);
			runOnlyForDeploymentPostprocessing = 0;
		};
		24F4D42E1ECD3C7C00CB6BB6 /* Resources */ = {
			isa = PBXResourcesBuildPhase;
			buildActionMask = 2147483647;
			files = (
			);
			runOnlyForDeploymentPostprocessing = 0;
		};
/* End PBXResourcesBuildPhase section */

/* Begin PBXShellScriptBuildPhase section */
		190A02D23EB7C05F64B67695 /* [CP] Copy Pods Resources */ = {
			isa = PBXShellScriptBuildPhase;
			buildActionMask = 2147483647;
			files = (
			);
			inputPaths = (
			);
			name = "[CP] Copy Pods Resources";
			outputPaths = (
			);
			runOnlyForDeploymentPostprocessing = 0;
			shellPath = /bin/sh;
			shellScript = "\"${SRCROOT}/Pods/Target Support Files/Pods-EMSMotionTesterTests/Pods-EMSMotionTesterTests-resources.sh\"\n";
			showEnvVarsInLog = 0;
		};
		234993821A732E869CED2C0D /* [CP] Check Pods Manifest.lock */ = {
			isa = PBXShellScriptBuildPhase;
			buildActionMask = 2147483647;
			files = (
			);
			inputPaths = (
			);
			name = "[CP] Check Pods Manifest.lock";
			outputPaths = (
			);
			runOnlyForDeploymentPostprocessing = 0;
			shellPath = /bin/sh;
			shellScript = "diff \"${PODS_PODFILE_DIR_PATH}/Podfile.lock\" \"${PODS_ROOT}/Manifest.lock\" > /dev/null\nif [ $? != 0 ] ; then\n    # print error to STDERR\n    echo \"error: The sandbox is not in sync with the Podfile.lock. Run 'pod install' or update your CocoaPods installation.\" >&2\n    exit 1\nfi\n";
			showEnvVarsInLog = 0;
		};
		268DDBDCC99BB0AA92BBCAB5 /* [CP] Embed Pods Frameworks */ = {
			isa = PBXShellScriptBuildPhase;
			buildActionMask = 2147483647;
			files = (
			);
			inputPaths = (
			);
			name = "[CP] Embed Pods Frameworks";
			outputPaths = (
			);
			runOnlyForDeploymentPostprocessing = 0;
			shellPath = /bin/sh;
			shellScript = "\"${SRCROOT}/Pods/Target Support Files/Pods-EMSMotionTester/Pods-EMSMotionTester-frameworks.sh\"\n";
			showEnvVarsInLog = 0;
		};
		4A8F9505423C9E0B6AD609F2 /* [CP] Check Pods Manifest.lock */ = {
			isa = PBXShellScriptBuildPhase;
			buildActionMask = 2147483647;
			files = (
			);
			inputPaths = (
			);
			name = "[CP] Check Pods Manifest.lock";
			outputPaths = (
			);
			runOnlyForDeploymentPostprocessing = 0;
			shellPath = /bin/sh;
			shellScript = "diff \"${PODS_PODFILE_DIR_PATH}/Podfile.lock\" \"${PODS_ROOT}/Manifest.lock\" > /dev/null\nif [ $? != 0 ] ; then\n    # print error to STDERR\n    echo \"error: The sandbox is not in sync with the Podfile.lock. Run 'pod install' or update your CocoaPods installation.\" >&2\n    exit 1\nfi\n";
			showEnvVarsInLog = 0;
		};
		A81419A96AC326ED6DA64E62 /* [CP] Embed Pods Frameworks */ = {
			isa = PBXShellScriptBuildPhase;
			buildActionMask = 2147483647;
			files = (
			);
			inputPaths = (
			);
			name = "[CP] Embed Pods Frameworks";
			outputPaths = (
			);
			runOnlyForDeploymentPostprocessing = 0;
			shellPath = /bin/sh;
			shellScript = "\"${SRCROOT}/Pods/Target Support Files/Pods-EMSMotionTesterTests/Pods-EMSMotionTesterTests-frameworks.sh\"\n";
			showEnvVarsInLog = 0;
		};
		E2064B564EF8D0A603BC5707 /* [CP] Copy Pods Resources */ = {
			isa = PBXShellScriptBuildPhase;
			buildActionMask = 2147483647;
			files = (
			);
			inputPaths = (
			);
			name = "[CP] Copy Pods Resources";
			outputPaths = (
			);
			runOnlyForDeploymentPostprocessing = 0;
			shellPath = /bin/sh;
			shellScript = "\"${SRCROOT}/Pods/Target Support Files/Pods-EMSMotionTester/Pods-EMSMotionTester-resources.sh\"\n";
			showEnvVarsInLog = 0;
		};
/* End PBXShellScriptBuildPhase section */

/* Begin PBXSourcesBuildPhase section */
		24F4D4181ECD3C7B00CB6BB6 /* Sources */ = {
			isa = PBXSourcesBuildPhase;
			buildActionMask = 2147483647;
			files = (
				24F4D4221ECD3C7B00CB6BB6 /* ViewController.swift in Sources */,
				24F4D4201ECD3C7B00CB6BB6 /* AppDelegate.swift in Sources */,
			);
			runOnlyForDeploymentPostprocessing = 0;
		};
		24F4D42C1ECD3C7C00CB6BB6 /* Sources */ = {
			isa = PBXSourcesBuildPhase;
			buildActionMask = 2147483647;
			files = (
				24F4D4351ECD3C7C00CB6BB6 /* EMSMotionTesterTests.swift in Sources */,
			);
			runOnlyForDeploymentPostprocessing = 0;
		};
/* End PBXSourcesBuildPhase section */

/* Begin PBXTargetDependency section */
		24F4D4321ECD3C7C00CB6BB6 /* PBXTargetDependency */ = {
			isa = PBXTargetDependency;
			target = 24F4D41B1ECD3C7B00CB6BB6 /* EMSMotionTester */;
			targetProxy = 24F4D4311ECD3C7C00CB6BB6 /* PBXContainerItemProxy */;
		};
/* End PBXTargetDependency section */

/* Begin PBXVariantGroup section */
		24F4D4231ECD3C7B00CB6BB6 /* Main.storyboard */ = {
			isa = PBXVariantGroup;
			children = (
				24F4D4241ECD3C7B00CB6BB6 /* Base */,
			);
			name = Main.storyboard;
			sourceTree = "<group>";
		};
		24F4D4281ECD3C7B00CB6BB6 /* LaunchScreen.storyboard */ = {
			isa = PBXVariantGroup;
			children = (
				24F4D4291ECD3C7B00CB6BB6 /* Base */,
			);
			name = LaunchScreen.storyboard;
			sourceTree = "<group>";
		};
/* End PBXVariantGroup section */

/* Begin XCBuildConfiguration section */
		24F4D4371ECD3C7C00CB6BB6 /* Debug */ = {
			isa = XCBuildConfiguration;
			buildSettings = {
				ALWAYS_SEARCH_USER_PATHS = NO;
				CLANG_ANALYZER_NONNULL = YES;
				CLANG_ANALYZER_NUMBER_OBJECT_CONVERSION = YES_AGGRESSIVE;
				CLANG_CXX_LANGUAGE_STANDARD = "gnu++0x";
				CLANG_CXX_LIBRARY = "libc++";
				CLANG_ENABLE_MODULES = YES;
				CLANG_ENABLE_OBJC_ARC = YES;
				CLANG_WARN_BOOL_CONVERSION = YES;
				CLANG_WARN_CONSTANT_CONVERSION = YES;
				CLANG_WARN_DIRECT_OBJC_ISA_USAGE = YES_ERROR;
				CLANG_WARN_DOCUMENTATION_COMMENTS = YES;
				CLANG_WARN_EMPTY_BODY = YES;
				CLANG_WARN_ENUM_CONVERSION = YES;
				CLANG_WARN_INFINITE_RECURSION = YES;
				CLANG_WARN_INT_CONVERSION = YES;
				CLANG_WARN_OBJC_ROOT_CLASS = YES_ERROR;
				CLANG_WARN_SUSPICIOUS_MOVE = YES;
				CLANG_WARN_UNREACHABLE_CODE = YES;
				CLANG_WARN__DUPLICATE_METHOD_MATCH = YES;
				"CODE_SIGN_IDENTITY[sdk=iphoneos*]" = "iPhone Developer";
				COPY_PHASE_STRIP = NO;
				DEBUG_INFORMATION_FORMAT = dwarf;
				ENABLE_STRICT_OBJC_MSGSEND = YES;
				ENABLE_TESTABILITY = YES;
				GCC_C_LANGUAGE_STANDARD = gnu99;
				GCC_DYNAMIC_NO_PIC = NO;
				GCC_NO_COMMON_BLOCKS = YES;
				GCC_OPTIMIZATION_LEVEL = 0;
				GCC_PREPROCESSOR_DEFINITIONS = (
					"DEBUG=1",
					"$(inherited)",
				);
				GCC_WARN_64_TO_32_BIT_CONVERSION = YES;
				GCC_WARN_ABOUT_RETURN_TYPE = YES_ERROR;
				GCC_WARN_UNDECLARED_SELECTOR = YES;
				GCC_WARN_UNINITIALIZED_AUTOS = YES_AGGRESSIVE;
				GCC_WARN_UNUSED_FUNCTION = YES;
				GCC_WARN_UNUSED_VARIABLE = YES;
				IPHONEOS_DEPLOYMENT_TARGET = 10.3;
				MTL_ENABLE_DEBUG_INFO = YES;
				ONLY_ACTIVE_ARCH = YES;
				SDKROOT = iphoneos;
				SWIFT_ACTIVE_COMPILATION_CONDITIONS = DEBUG;
				SWIFT_OPTIMIZATION_LEVEL = "-Onone";
			};
			name = Debug;
		};
		24F4D4381ECD3C7C00CB6BB6 /* Release */ = {
			isa = XCBuildConfiguration;
			buildSettings = {
				ALWAYS_SEARCH_USER_PATHS = NO;
				CLANG_ANALYZER_NONNULL = YES;
				CLANG_ANALYZER_NUMBER_OBJECT_CONVERSION = YES_AGGRESSIVE;
				CLANG_CXX_LANGUAGE_STANDARD = "gnu++0x";
				CLANG_CXX_LIBRARY = "libc++";
				CLANG_ENABLE_MODULES = YES;
				CLANG_ENABLE_OBJC_ARC = YES;
				CLANG_WARN_BOOL_CONVERSION = YES;
				CLANG_WARN_CONSTANT_CONVERSION = YES;
				CLANG_WARN_DIRECT_OBJC_ISA_USAGE = YES_ERROR;
				CLANG_WARN_DOCUMENTATION_COMMENTS = YES;
				CLANG_WARN_EMPTY_BODY = YES;
				CLANG_WARN_ENUM_CONVERSION = YES;
				CLANG_WARN_INFINITE_RECURSION = YES;
				CLANG_WARN_INT_CONVERSION = YES;
				CLANG_WARN_OBJC_ROOT_CLASS = YES_ERROR;
				CLANG_WARN_SUSPICIOUS_MOVE = YES;
				CLANG_WARN_UNREACHABLE_CODE = YES;
				CLANG_WARN__DUPLICATE_METHOD_MATCH = YES;
				"CODE_SIGN_IDENTITY[sdk=iphoneos*]" = "iPhone Developer";
				COPY_PHASE_STRIP = NO;
				DEBUG_INFORMATION_FORMAT = "dwarf-with-dsym";
				ENABLE_NS_ASSERTIONS = NO;
				ENABLE_STRICT_OBJC_MSGSEND = YES;
				GCC_C_LANGUAGE_STANDARD = gnu99;
				GCC_NO_COMMON_BLOCKS = YES;
				GCC_WARN_64_TO_32_BIT_CONVERSION = YES;
				GCC_WARN_ABOUT_RETURN_TYPE = YES_ERROR;
				GCC_WARN_UNDECLARED_SELECTOR = YES;
				GCC_WARN_UNINITIALIZED_AUTOS = YES_AGGRESSIVE;
				GCC_WARN_UNUSED_FUNCTION = YES;
				GCC_WARN_UNUSED_VARIABLE = YES;
				IPHONEOS_DEPLOYMENT_TARGET = 10.3;
				MTL_ENABLE_DEBUG_INFO = NO;
				SDKROOT = iphoneos;
				SWIFT_OPTIMIZATION_LEVEL = "-Owholemodule";
				VALIDATE_PRODUCT = YES;
			};
			name = Release;
		};
		24F4D43A1ECD3C7C00CB6BB6 /* Debug */ = {
			isa = XCBuildConfiguration;
			baseConfigurationReference = 89E974C55E54C16DA5A21441 /* Pods-EMSMotionTester.debug.xcconfig */;
			buildSettings = {
				ASSETCATALOG_COMPILER_APPICON_NAME = AppIcon;
				DEVELOPMENT_TEAM = VB33HMQ75F;
				INFOPLIST_FILE = EMSMotionTester/Info.plist;
				LD_RUNPATH_SEARCH_PATHS = "$(inherited) @executable_path/Frameworks";
				PRODUCT_BUNDLE_IDENTIFIER = com.ticketfly.EMSMotionTester;
				PRODUCT_NAME = "$(TARGET_NAME)";
				SWIFT_VERSION = 3.0;
			};
			name = Debug;
		};
		24F4D43B1ECD3C7C00CB6BB6 /* Release */ = {
			isa = XCBuildConfiguration;
			baseConfigurationReference = 138230303DC6F5EB553450E1 /* Pods-EMSMotionTester.release.xcconfig */;
			buildSettings = {
				ASSETCATALOG_COMPILER_APPICON_NAME = AppIcon;
				DEVELOPMENT_TEAM = VB33HMQ75F;
				INFOPLIST_FILE = EMSMotionTester/Info.plist;
				LD_RUNPATH_SEARCH_PATHS = "$(inherited) @executable_path/Frameworks";
				PRODUCT_BUNDLE_IDENTIFIER = com.ticketfly.EMSMotionTester;
				PRODUCT_NAME = "$(TARGET_NAME)";
				SWIFT_VERSION = 3.0;
			};
			name = Release;
		};
		24F4D43D1ECD3C7C00CB6BB6 /* Debug */ = {
			isa = XCBuildConfiguration;
			baseConfigurationReference = 03128CEBF7C6C3080858E663 /* Pods-EMSMotionTesterTests.debug.xcconfig */;
			buildSettings = {
				ALWAYS_EMBED_SWIFT_STANDARD_LIBRARIES = YES;
				BUNDLE_LOADER = "$(TEST_HOST)";
				DEVELOPMENT_TEAM = VB33HMQ75F;
				INFOPLIST_FILE = EMSMotionTesterTests/Info.plist;
				LD_RUNPATH_SEARCH_PATHS = "$(inherited) @executable_path/Frameworks @loader_path/Frameworks";
				PRODUCT_BUNDLE_IDENTIFIER = com.ticketfly.EMSMotionTesterTests;
				PRODUCT_NAME = "$(TARGET_NAME)";
				SWIFT_VERSION = 3.0;
				TEST_HOST = "$(BUILT_PRODUCTS_DIR)/EMSMotionTester.app/EMSMotionTester";
			};
			name = Debug;
		};
		24F4D43E1ECD3C7C00CB6BB6 /* Release */ = {
			isa = XCBuildConfiguration;
			baseConfigurationReference = E162FE0DDB4B19ED4EB9D285 /* Pods-EMSMotionTesterTests.release.xcconfig */;
			buildSettings = {
				ALWAYS_EMBED_SWIFT_STANDARD_LIBRARIES = YES;
				BUNDLE_LOADER = "$(TEST_HOST)";
				DEVELOPMENT_TEAM = VB33HMQ75F;
				INFOPLIST_FILE = EMSMotionTesterTests/Info.plist;
				LD_RUNPATH_SEARCH_PATHS = "$(inherited) @executable_path/Frameworks @loader_path/Frameworks";
				PRODUCT_BUNDLE_IDENTIFIER = com.ticketfly.EMSMotionTesterTests;
				PRODUCT_NAME = "$(TARGET_NAME)";
				SWIFT_VERSION = 3.0;
				TEST_HOST = "$(BUILT_PRODUCTS_DIR)/EMSMotionTester.app/EMSMotionTester";
			};
			name = Release;
		};
/* End XCBuildConfiguration section */

/* Begin XCConfigurationList section */
		24F4D4171ECD3C7B00CB6BB6 /* Build configuration list for PBXProject "EMSMotionTester" */ = {
			isa = XCConfigurationList;
			buildConfigurations = (
				24F4D4371ECD3C7C00CB6BB6 /* Debug */,
				24F4D4381ECD3C7C00CB6BB6 /* Release */,
			);
			defaultConfigurationIsVisible = 0;
			defaultConfigurationName = Release;
		};
		24F4D4391ECD3C7C00CB6BB6 /* Build configuration list for PBXNativeTarget "EMSMotionTester" */ = {
			isa = XCConfigurationList;
			buildConfigurations = (
				24F4D43A1ECD3C7C00CB6BB6 /* Debug */,
				24F4D43B1ECD3C7C00CB6BB6 /* Release */,
			);
			defaultConfigurationIsVisible = 0;
			defaultConfigurationName = Release;
		};
		24F4D43C1ECD3C7C00CB6BB6 /* Build configuration list for PBXNativeTarget "EMSMotionTesterTests" */ = {
			isa = XCConfigurationList;
			buildConfigurations = (
				24F4D43D1ECD3C7C00CB6BB6 /* Debug */,
				24F4D43E1ECD3C7C00CB6BB6 /* Release */,
			);
			defaultConfigurationIsVisible = 0;
			defaultConfigurationName = Release;
		};
/* End XCConfigurationList section */
	};
	rootObject = 24F4D4141ECD3C7B00CB6BB6 /* Project object */;
}
